
Microsoft Visual Studio Solution File, Format Version 12.00
# Visual Studio 15
VisualStudioVersion = 15.0.27130.2010
MinimumVisualStudioVersion = 10.0.40219.1
Project("{FAE04EC0-301F-11D3-BF4B-00C04F79EFBC}") = "HydraSvc", "hydra-server\HydraSvc.csproj", "{D100D591-CBBE-4B69-9017-AB913DADEAB8}"
EndProject
Global
	GlobalSection(SolutionConfigurationPlatforms) = preSolution
		Debug|x64 = Debug|x64
		Release|x64 = Release|x64
	EndGlobalSection
	GlobalSection(ProjectConfigurationPlatforms) = postSolution
		{D100D591-CBBE-4B69-9017-AB913DADEAB8}.Debug|x64.ActiveCfg = Debug|x64
		{D100D591-CBBE-4B69-9017-AB913DADEAB8}.Debug|x64.Build.0 = Debug|x64
		{D100D591-CBBE-4B69-9017-AB913DADEAB8}.Release|x64.ActiveCfg = Release|x64
		{D100D591-CBBE-4B69-9017-AB913DADEAB8}.Release|x64.Build.0 = Release|x64
	EndGlobalSection
	GlobalSection(SolutionProperties) = preSolution
		HideSolutionNode = FALSE
	EndGlobalSection
	GlobalSection(ExtensibilityGlobals) = postSolution
		SolutionGuid = {2A2BAF5B-7DE2-4ACB-B242-11AB0124654A}
	EndGlobalSection
EndGlobal
